
Microsoft Visual Studio Solution File, Format Version 12.00
# Visual Studio Version 17
VisualStudioVersion = 17.14.36109.1 d17.14
MinimumVisualStudioVersion = 10.0.40219.1
Project("{8BC9CEB8-8B4A-11D0-8D11-00A0C91BC942}") = "Checkersgame", "Checkersgame.vcxproj", "{CA7A118A-DCB5-4029-A333-0627677727A2}"
EndProject
Global
	GlobalSection(SolutionConfigurationPlatforms) = preSolution
		Debug|x64 = Debug|x64
		Debug|x86 = Debug|x86
		Release|x64 = Release|x64
		Release|x86 = Release|x86
	EndGlobalSection
	GlobalSection(ProjectConfigurationPlatforms) = postSolution
		{CA7A118A-DCB5-4029-A333-0627677727A2}.Debug|x64.ActiveCfg = Debug|x64
		{CA7A118A-DCB5-4029-A333-0627677727A2}.Debug|x64.Build.0 = Debug|x64
		{CA7A118A-DCB5-4029-A333-0627677727A2}.Debug|x86.ActiveCfg = Debug|Win32
		{CA7A118A-DCB5-4029-A333-0627677727A2}.Debug|x86.Build.0 = Debug|Win32
		{CA7A118A-DCB5-4029-A333-0627677727A2}.Release|x64.ActiveCfg = Release|x64
		{CA7A118A-DCB5-4029-A333-0627677727A2}.Release|x64.Build.0 = Release|x64
		{CA7A118A-DCB5-4029-A333-0627677727A2}.Release|x86.ActiveCfg = Release|Win32
		{CA7A118A-DCB5-4029-A333-0627677727A2}.Release|x86.Build.0 = Release|Win32
	EndGlobalSection
	GlobalSection(SolutionProperties) = preSolution
		HideSolutionNode = FALSE
	EndGlobalSection
	GlobalSection(ExtensibilityGlobals) = postSolution
		SolutionGuid = {33FCE061-CE83-4CB5-856E-E3D0F23A0D43}
	EndGlobalSection
EndGlobal
